
Microsoft Visual Studio Solution File, Format Version 11.00
# Visual Studio 2010
Project("{FAE04EC0-301F-11D3-BF4B-00C04F79EFBC}") = "Platformer Game", "Assembly-CSharp-firstpass.csproj", "{14AA1EA9-8123-12BA-908A-15FFC36A14EC}"
EndProject
Project("{FAE04EC0-301F-11D3-BF4B-00C04F79EFBC}") = "Platformer Game", "Assembly-CSharp-Editor-firstpass.csproj", "{13222A6B-8D74-B928-5D37-72FEDA072E4A}"
EndProject
Global
	GlobalSection(SolutionConfigurationPlatforms) = preSolution
		Debug|Any CPU = Debug|Any CPU
		Release|Any CPU = Release|Any CPU
	EndGlobalSection
	GlobalSection(ProjectConfigurationPlatforms) = postSolution
		{14AA1EA9-8123-12BA-908A-15FFC36A14EC}.Debug|Any CPU.ActiveCfg = Debug|Any CPU
		{14AA1EA9-8123-12BA-908A-15FFC36A14EC}.Debug|Any CPU.Build.0 = Debug|Any CPU
		{14AA1EA9-8123-12BA-908A-15FFC36A14EC}.Release|Any CPU.ActiveCfg = Release|Any CPU
		{14AA1EA9-8123-12BA-908A-15FFC36A14EC}.Release|Any CPU.Build.0 = Release|Any CPU
		{13222A6B-8D74-B928-5D37-72FEDA072E4A}.Debug|Any CPU.ActiveCfg = Debug|Any CPU
		{13222A6B-8D74-B928-5D37-72FEDA072E4A}.Debug|Any CPU.Build.0 = Debug|Any CPU
		{13222A6B-8D74-B928-5D37-72FEDA072E4A}.Release|Any CPU.ActiveCfg = Release|Any CPU
		{13222A6B-8D74-B928-5D37-72FEDA072E4A}.Release|Any CPU.Build.0 = Release|Any CPU
	EndGlobalSection
	GlobalSection(SolutionProperties) = preSolution
		HideSolutionNode = FALSE
	EndGlobalSection
	GlobalSection(MonoDevelopProperties) = preSolution
		StartupItem = Assembly-CSharp.csproj
	EndGlobalSection
EndGlobal
